
Microsoft Visual Studio Solution File, Format Version 12.00
# Visual Studio Version 17
VisualStudioVersion = 17.2.32616.157
MinimumVisualStudioVersion = 10.0.40219.1
Project("{FAE04EC0-301F-11D3-BF4B-00C04F79EFBC}") = "ACLeaderboardAPI", "ACLeaderboardAPI\ACLeaderboardAPI.csproj", "{345CBDFD-0DDE-4E97-9E93-79AA46794C0E}"
EndProject
Global
	GlobalSection(SolutionConfigurationPlatforms) = preSolution
		Debug|Any CPU = Debug|Any CPU
		Release|Any CPU = Release|Any CPU
	EndGlobalSection
	GlobalSection(ProjectConfigurationPlatforms) = postSolution
		{345CBDFD-0DDE-4E97-9E93-79AA46794C0E}.Debug|Any CPU.ActiveCfg = Debug|Any CPU
		{345CBDFD-0DDE-4E97-9E93-79AA46794C0E}.Debug|Any CPU.Build.0 = Debug|Any CPU
		{345CBDFD-0DDE-4E97-9E93-79AA46794C0E}.Release|Any CPU.ActiveCfg = Release|Any CPU
		{345CBDFD-0DDE-4E97-9E93-79AA46794C0E}.Release|Any CPU.Build.0 = Release|Any CPU
	EndGlobalSection
	GlobalSection(SolutionProperties) = preSolution
		HideSolutionNode = FALSE
	EndGlobalSection
	GlobalSection(ExtensibilityGlobals) = postSolution
		SolutionGuid = {94F3666A-5538-4A42-92F2-40E85673A58E}
	EndGlobalSection
EndGlobal
