
Microsoft Visual Studio Solution File, Format Version 12.00
# Visual Studio Version 17
VisualStudioVersion = 17.2.32616.157
MinimumVisualStudioVersion = 10.0.40219.1
Project("{FAE04EC0-301F-11D3-BF4B-00C04F79EFBC}") = "LeaderboardAPI", "LeaderboardAPI\LeaderboardAPI.csproj", "{32186D1C-76F2-4751-A50B-6039B73D894F}"
EndProject
Global
	GlobalSection(SolutionConfigurationPlatforms) = preSolution
		Debug|Any CPU = Debug|Any CPU
		Release|Any CPU = Release|Any CPU
	EndGlobalSection
	GlobalSection(ProjectConfigurationPlatforms) = postSolution
		{32186D1C-76F2-4751-A50B-6039B73D894F}.Debug|Any CPU.ActiveCfg = Debug|Any CPU
		{32186D1C-76F2-4751-A50B-6039B73D894F}.Debug|Any CPU.Build.0 = Debug|Any CPU
		{32186D1C-76F2-4751-A50B-6039B73D894F}.Release|Any CPU.ActiveCfg = Release|Any CPU
		{32186D1C-76F2-4751-A50B-6039B73D894F}.Release|Any CPU.Build.0 = Release|Any CPU
	EndGlobalSection
	GlobalSection(SolutionProperties) = preSolution
		HideSolutionNode = FALSE
	EndGlobalSection
	GlobalSection(ExtensibilityGlobals) = postSolution
		SolutionGuid = {3FD6FD4B-532F-41FA-967D-C729982B6644}
	EndGlobalSection
EndGlobal
